
Microsoft Visual Studio Solution File, Format Version 12.00
# Visual Studio Version 17
VisualStudioVersion = 17.11.35327.3
MinimumVisualStudioVersion = 10.0.40219.1
Project("{FAE04EC0-301F-11D3-BF4B-00C04F79EFBC}") = "ConsoleApp1", "ConsoleApp1\ConsoleApp1.csproj", "{0C32D020-15EF-4275-AC35-FB300CAAC50C}"
EndProject
Global
	GlobalSection(SolutionConfigurationPlatforms) = preSolution
		Debug|Any CPU = Debug|Any CPU
		Release|Any CPU = Release|Any CPU
	EndGlobalSection
	GlobalSection(ProjectConfigurationPlatforms) = postSolution
		{0C32D020-15EF-4275-AC35-FB300CAAC50C}.Debug|Any CPU.ActiveCfg = Debug|Any CPU
		{0C32D020-15EF-4275-AC35-FB300CAAC50C}.Debug|Any CPU.Build.0 = Debug|Any CPU
		{0C32D020-15EF-4275-AC35-FB300CAAC50C}.Release|Any CPU.ActiveCfg = Release|Any CPU
		{0C32D020-15EF-4275-AC35-FB300CAAC50C}.Release|Any CPU.Build.0 = Release|Any CPU
	EndGlobalSection
	GlobalSection(SolutionProperties) = preSolution
		HideSolutionNode = FALSE
	EndGlobalSection
	GlobalSection(ExtensibilityGlobals) = postSolution
		SolutionGuid = {7E869A32-B684-40BF-B2C6-B48511F6DE0F}
	EndGlobalSection
EndGlobal
